
Microsoft Visual Studio Solution File, Format Version 12.00
# Visual Studio Version 16
VisualStudioVersion = 16.0.31911.196
MinimumVisualStudioVersion = 10.0.40219.1
Project("{FAE04EC0-301F-11D3-BF4B-00C04F79EFBC}") = "OlioOhjelmointi1", "OlioOhjelmointi1\OlioOhjelmointi1.csproj", "{48F122A4-9C82-4CD9-9D99-B75772FBBEB3}"
EndProject
Global
	GlobalSection(SolutionConfigurationPlatforms) = preSolution
		Debug|Any CPU = Debug|Any CPU
		Release|Any CPU = Release|Any CPU
	EndGlobalSection
	GlobalSection(ProjectConfigurationPlatforms) = postSolution
		{48F122A4-9C82-4CD9-9D99-B75772FBBEB3}.Debug|Any CPU.ActiveCfg = Debug|Any CPU
		{48F122A4-9C82-4CD9-9D99-B75772FBBEB3}.Debug|Any CPU.Build.0 = Debug|Any CPU
		{48F122A4-9C82-4CD9-9D99-B75772FBBEB3}.Release|Any CPU.ActiveCfg = Release|Any CPU
		{48F122A4-9C82-4CD9-9D99-B75772FBBEB3}.Release|Any CPU.Build.0 = Release|Any CPU
	EndGlobalSection
	GlobalSection(SolutionProperties) = preSolution
		HideSolutionNode = FALSE
	EndGlobalSection
	GlobalSection(ExtensibilityGlobals) = postSolution
		SolutionGuid = {BDFD69FB-3159-4678-A021-306CD0D0FAB8}
	EndGlobalSection
EndGlobal
